<?xml version="1.0" encoding="utf-8"?>
<Project ToolsVersion="4.0" xmlns="http://schemas.microsoft.com/developer/msbuild/2003">
  <ItemGroup>
    <Filter Include="Headers">
      <UniqueIdentifier>{f66efaa0-e37a-4598-81fb-39508873ebaa}</UniqueIdentifier>
    </Filter>
    <Filter Include="Sources">
      <UniqueIdentifier>{4214063d-e480-463e-9edd-d256578215a9}</UniqueIdentifier>
    </Filter>
    <Filter Include="Headers\GPU">
      <UniqueIdentifier>{756ccdb6-bfc8-4fcc-83bf-e7472ddd4d0c}</UniqueIdentifier>
    </Filter>
    <Filter Include="Headers\Utils">
      <UniqueIdentifier>{ec5497f8-3a1a-416d-ac5e-cd46e7008257}</UniqueIdentifier>
    </Filter>
    <Filter Include="Sources\Utils">
      <UniqueIdentifier>{267770aa-8863-4cef-8c94-915f2a4a7e08}</UniqueIdentifier>
    </Filter>
    <Filter Include="Sources\GPU">
      <UniqueIdentifier>{d45a70f4-0de3-4b33-b69b-4411d743508a}</UniqueIdentifier>
    </Filter>
    <Filter Include="Headers\Network">
      <UniqueIdentifier>{b9185c4c-d978-4579-941a-618a529c6ba6}</UniqueIdentifier>
    </Filter>
    <Filter Include="Sources\Network">
      <UniqueIdentifier>{e4479354-4f02-431e-b591-39c45f231aba}</UniqueIdentifier>
    </Filter>
  </ItemGroup>
  <ItemGroup>
    <ClInclude Include="Utils\Utils.h">
      <Filter>Headers\Utils</Filter>
    </ClInclude>
    <ClInclude Include="GPU\GpuBuffer.cuh">
      <Filter>Headers\GPU</Filter>
    </ClInclude>
    <ClInclude Include="Types.h">
      <Filter>Headers</Filter>
    </ClInclude>
    <ClInclude Include="Utils\FoldsFactory.h">
      <Filter>Headers\Utils</Filter>
    </ClInclude>
    <ClInclude Include="ImageBatch.h">
      <Filter>Headers</Filter>
    </ClInclude>
    <ClInclude Include="Utils\CvUtils.h">
      <Filter>Headers\Utils</Filter>
    </ClInclude>
    <ClInclude Include="GPU\Convolution.h">
      <Filter>Headers\GPU</Filter>
    </ClInclude>
    <ClInclude Include="GPU\SignalConvolution.cuh">
      <Filter>Headers\GPU</Filter>
    </ClInclude>
    <ClInclude Include="Config.h">
      <Filter>Headers</Filter>
    </ClInclude>
    <ClInclude Include="GPU\AverageCenterizer.cuh">
      <Filter>Headers\GPU</Filter>
    </ClInclude>
    <ClInclude Include="GPU\Normalizer.h">
      <Filter>Headers\GPU</Filter>
    </ClInclude>
    <ClInclude Include="GPU\Sharpener.cuh">
      <Filter>Headers\GPU</Filter>
    </ClInclude>
    <ClInclude Include="GPU\Converter.cuh">
      <Filter>Headers\GPU</Filter>
    </ClInclude>
    <ClInclude Include="GPU\Sampler.h">
      <Filter>Headers\GPU</Filter>
    </ClInclude>
  </ItemGroup>
  <ItemGroup>
    <CudaCompile Include="main.cu">
      <Filter>Sources</Filter>
    </CudaCompile>
    <CudaCompile Include="GPU\GpuBuffer.cu">
      <Filter>Sources\GPU</Filter>
    </CudaCompile>
    <CudaCompile Include="Layer.cu">
      <Filter>Sources\Network</Filter>
    </CudaCompile>
  </ItemGroup>
  <ItemGroup>
    <ClCompile Include="Utils\FoldsFactory.cpp">
      <Filter>Sources\Utils</Filter>
    </ClCompile>
    <ClCompile Include="Utils\Utils.cpp">
      <Filter>Sources\Utils</Filter>
    </ClCompile>
    <ClCompile Include="Utils\CvUtils.cpp">
      <Filter>Sources\Utils</Filter>
    </ClCompile>
  </ItemGroup>
  <ItemGroup>
    <None Include="GPU\VarianceCenterizer.cuh">
      <Filter>Headers\GPU</Filter>
    </None>
    <None Include="Layer.cuh">
      <Filter>Headers\Network</Filter>
    </None>
    <None Include="LayerCuda.cuh">
      <Filter>Headers\Network</Filter>
    </None>
  </ItemGroup>
</Project>